// !$*UTF8*$!
{
	archiveVersion = 1;
	classes = {
	};
	objectVersion = 51;
	objects = {

/* Begin PBXBuildFile section */
		595CEF5B22F96593009D1FFA /* MainViewController.swift in Sources */ = {isa = PBXBuildFile; fileRef = 595CEF5A22F96593009D1FFA /* MainViewController.swift */; };
		595CEF5D22FA9C70009D1FFA /* URLSessionExtension.swift in Sources */ = {isa = PBXBuildFile; fileRef = 595CEF5C22FA9C70009D1FFA /* URLSessionExtension.swift */; };
		595CEF6122FB9039009D1FFA /* Pollutant.swift in Sources */ = {isa = PBXBuildFile; fileRef = 595CEF6022FB9039009D1FFA /* Pollutant.swift */; };
		595CEF6822FBECE1009D1FFA /* Thresholds.swift in Sources */ = {isa = PBXBuildFile; fileRef = 595CEF6722FBECE1009D1FFA /* Thresholds.swift */; };
		595CEF6A22FBEDFF009D1FFA /* UIColorExtension.swift in Sources */ = {isa = PBXBuildFile; fileRef = 595CEF6922FBEDFF009D1FFA /* UIColorExtension.swift */; };
		598743DE2305E17400D95E43 /* Config.swift in Sources */ = {isa = PBXBuildFile; fileRef = 598743DD2305E17400D95E43 /* Config.swift */; };
		59AE706C23035BC200D0B57E /* BlankValueFormatter.swift in Sources */ = {isa = PBXBuildFile; fileRef = 59AE706B23035BC200D0B57E /* BlankValueFormatter.swift */; };
		59B26FE422FE45B800263139 /* SensorReading.swift in Sources */ = {isa = PBXBuildFile; fileRef = 59B26FE322FE45B800263139 /* SensorReading.swift */; };
		59B26FE622FE463000263139 /* SensorReadingAnnotation.swift in Sources */ = {isa = PBXBuildFile; fileRef = 59B26FE522FE463000263139 /* SensorReadingAnnotation.swift */; };
		59BAB3C422E053D500598AE3 /* AppDelegate.swift in Sources */ = {isa = PBXBuildFile; fileRef = 59BAB3C322E053D500598AE3 /* AppDelegate.swift */; };
		59BAB3CB22E053D500598AE3 /* Main.storyboard in Resources */ = {isa = PBXBuildFile; fileRef = 59BAB3C922E053D500598AE3 /* Main.storyboard */; };
		59BAB3CD22E053D700598AE3 /* Assets.xcassets in Resources */ = {isa = PBXBuildFile; fileRef = 59BAB3CC22E053D700598AE3 /* Assets.xcassets */; };
		59BAB3D022E053D700598AE3 /* LaunchScreen.storyboard in Resources */ = {isa = PBXBuildFile; fileRef = 59BAB3CE22E053D700598AE3 /* LaunchScreen.storyboard */; };
		59C80A4E22EE9D6F00732C40 /* DateValueFormatter.swift in Sources */ = {isa = PBXBuildFile; fileRef = 59C80A4D22EE9D6F00732C40 /* DateValueFormatter.swift */; };
		59C80A5022EEA45900732C40 /* ConcentrationValueFormatter.swift in Sources */ = {isa = PBXBuildFile; fileRef = 59C80A4F22EEA45900732C40 /* ConcentrationValueFormatter.swift */; };
		59F02F5D2306793F0050C3D2 /* InfoViewController.swift in Sources */ = {isa = PBXBuildFile; fileRef = 59F02F5C2306793F0050C3D2 /* InfoViewController.swift */; };
		C7A588A1C5A34FA539318E62 /* Pods_AirSafe.framework in Frameworks */ = {isa = PBXBuildFile; fileRef = 583FCC5B0C5DA9A74936EF3A /* Pods_AirSafe.framework */; };
/* End PBXBuildFile section */

/* Begin PBXFileReference section */
		583FCC5B0C5DA9A74936EF3A /* Pods_AirSafe.framework */ = {isa = PBXFileReference; explicitFileType = wrapper.framework; includeInIndex = 0; path = Pods_AirSafe.framework; sourceTree = BUILT_PRODUCTS_DIR; };
		595CEF5A22F96593009D1FFA /* MainViewController.swift */ = {isa = PBXFileReference; lastKnownFileType = sourcecode.swift; path = MainViewController.swift; sourceTree = "<group>"; };
		595CEF5C22FA9C70009D1FFA /* URLSessionExtension.swift */ = {isa = PBXFileReference; lastKnownFileType = sourcecode.swift; path = URLSessionExtension.swift; sourceTree = "<group>"; };
		595CEF6022FB9039009D1FFA /* Pollutant.swift */ = {isa = PBXFileReference; lastKnownFileType = sourcecode.swift; path = Pollutant.swift; sourceTree = "<group>"; };
		595CEF6722FBECE1009D1FFA /* Thresholds.swift */ = {isa = PBXFileReference; lastKnownFileType = sourcecode.swift; path = Thresholds.swift; sourceTree = "<group>"; };
		595CEF6922FBEDFF009D1FFA /* UIColorExtension.swift */ = {isa = PBXFileReference; lastKnownFileType = sourcecode.swift; path = UIColorExtension.swift; sourceTree = "<group>"; };
		598743DD2305E17400D95E43 /* Config.swift */ = {isa = PBXFileReference; lastKnownFileType = sourcecode.swift; path = Config.swift; sourceTree = "<group>"; };
		59AE706B23035BC200D0B57E /* BlankValueFormatter.swift */ = {isa = PBXFileReference; lastKnownFileType = sourcecode.swift; path = BlankValueFormatter.swift; sourceTree = "<group>"; };
		59B26FE322FE45B800263139 /* SensorReading.swift */ = {isa = PBXFileReference; lastKnownFileType = sourcecode.swift; path = SensorReading.swift; sourceTree = "<group>"; };
		59B26FE522FE463000263139 /* SensorReadingAnnotation.swift */ = {isa = PBXFileReference; lastKnownFileType = sourcecode.swift; path = SensorReadingAnnotation.swift; sourceTree = "<group>"; };
		59BAB3C022E053D500598AE3 /* AirSafe.app */ = {isa = PBXFileReference; explicitFileType = wrapper.application; includeInIndex = 0; path = AirSafe.app; sourceTree = BUILT_PRODUCTS_DIR; };
		59BAB3C322E053D500598AE3 /* AppDelegate.swift */ = {isa = PBXFileReference; lastKnownFileType = sourcecode.swift; path = AppDelegate.swift; sourceTree = "<group>"; };
		59BAB3CA22E053D500598AE3 /* Base */ = {isa = PBXFileReference; lastKnownFileType = file.storyboard; name = Base; path = Base.lproj/Main.storyboard; sourceTree = "<group>"; };
		59BAB3CC22E053D700598AE3 /* Assets.xcassets */ = {isa = PBXFileReference; lastKnownFileType = folder.assetcatalog; path = Assets.xcassets; sourceTree = "<group>"; };
		59BAB3CF22E053D700598AE3 /* Base */ = {isa = PBXFileReference; lastKnownFileType = file.storyboard; name = Base; path = Base.lproj/LaunchScreen.storyboard; sourceTree = "<group>"; };
		59BAB3D122E053D700598AE3 /* Info.plist */ = {isa = PBXFileReference; lastKnownFileType = text.plist.xml; path = Info.plist; sourceTree = "<group>"; };
		59C80A4D22EE9D6F00732C40 /* DateValueFormatter.swift */ = {isa = PBXFileReference; lastKnownFileType = sourcecode.swift; path = DateValueFormatter.swift; sourceTree = "<group>"; };
		59C80A4F22EEA45900732C40 /* ConcentrationValueFormatter.swift */ = {isa = PBXFileReference; lastKnownFileType = sourcecode.swift; path = ConcentrationValueFormatter.swift; sourceTree = "<group>"; };
		59F02F5C2306793F0050C3D2 /* InfoViewController.swift */ = {isa = PBXFileReference; lastKnownFileType = sourcecode.swift; path = InfoViewController.swift; sourceTree = "<group>"; };
		A051522E613DFA3DD71A78E6 /* Pods-AirSafe.release.xcconfig */ = {isa = PBXFileReference; includeInIndex = 1; lastKnownFileType = text.xcconfig; name = "Pods-AirSafe.release.xcconfig"; path = "Target Support Files/Pods-AirSafe/Pods-AirSafe.release.xcconfig"; sourceTree = "<group>"; };
		C5F81400EFC7B0179AE394C8 /* Pods-AirSafe.debug.xcconfig */ = {isa = PBXFileReference; includeInIndex = 1; lastKnownFileType = text.xcconfig; name = "Pods-AirSafe.debug.xcconfig"; path = "Target Support Files/Pods-AirSafe/Pods-AirSafe.debug.xcconfig"; sourceTree = "<group>"; };
/* End PBXFileReference section */

/* Begin PBXFrameworksBuildPhase section */
		59BAB3BD22E053D500598AE3 /* Frameworks */ = {
			isa = PBXFrameworksBuildPhase;
			buildActionMask = 2147483647;
			files = (
				C7A588A1C5A34FA539318E62 /* Pods_AirSafe.framework in Frameworks */,
			);
			runOnlyForDeploymentPostprocessing = 0;
		};
/* End PBXFrameworksBuildPhase section */

/* Begin PBXGroup section */
		01F06AE59D6D14B38F8189A7 /* Pods */ = {
			isa = PBXGroup;
			children = (
				C5F81400EFC7B0179AE394C8 /* Pods-AirSafe.debug.xcconfig */,
				A051522E613DFA3DD71A78E6 /* Pods-AirSafe.release.xcconfig */,
			);
			path = Pods;
			sourceTree = "<group>";
		};
		595CEF6322FBA38A009D1FFA /* Apple Files */ = {
			isa = PBXGroup;
			children = (
				59BAB3C322E053D500598AE3 /* AppDelegate.swift */,
				59BAB3CC22E053D700598AE3 /* Assets.xcassets */,
				59BAB3CE22E053D700598AE3 /* LaunchScreen.storyboard */,
				59BAB3D122E053D700598AE3 /* Info.plist */,
			);
			path = "Apple Files";
			sourceTree = "<group>";
		};
		595CEF6422FBA3BA009D1FFA /* Util */ = {
			isa = PBXGroup;
			children = (
				59C80A4D22EE9D6F00732C40 /* DateValueFormatter.swift */,
				59C80A4F22EEA45900732C40 /* ConcentrationValueFormatter.swift */,
				595CEF5C22FA9C70009D1FFA /* URLSessionExtension.swift */,
				595CEF6922FBEDFF009D1FFA /* UIColorExtension.swift */,
				59AE706B23035BC200D0B57E /* BlankValueFormatter.swift */,
				598743DD2305E17400D95E43 /* Config.swift */,
			);
			path = Util;
			sourceTree = "<group>";
		};
		595CEF6522FBA3C2009D1FFA /* Types */ = {
			isa = PBXGroup;
			children = (
				595CEF6022FB9039009D1FFA /* Pollutant.swift */,
				595CEF6722FBECE1009D1FFA /* Thresholds.swift */,
				59B26FE322FE45B800263139 /* SensorReading.swift */,
				59B26FE522FE463000263139 /* SensorReadingAnnotation.swift */,
			);
			path = Types;
			sourceTree = "<group>";
		};
		595CEF6622FBA3D8009D1FFA /* Main Files */ = {
			isa = PBXGroup;
			children = (
				595CEF5A22F96593009D1FFA /* MainViewController.swift */,
				59BAB3C922E053D500598AE3 /* Main.storyboard */,
				59F02F5C2306793F0050C3D2 /* InfoViewController.swift */,
			);
			path = "Main Files";
			sourceTree = "<group>";
		};
		59BAB3B722E053D500598AE3 = {
			isa = PBXGroup;
			children = (
				59BAB3C222E053D500598AE3 /* AirSafe */,
				59BAB3C122E053D500598AE3 /* Products */,
				01F06AE59D6D14B38F8189A7 /* Pods */,
				5F33BE2696460E656E06DF05 /* Frameworks */,
			);
			sourceTree = "<group>";
		};
		59BAB3C122E053D500598AE3 /* Products */ = {
			isa = PBXGroup;
			children = (
				59BAB3C022E053D500598AE3 /* AirSafe.app */,
			);
			name = Products;
			sourceTree = "<group>";
		};
		59BAB3C222E053D500598AE3 /* AirSafe */ = {
			isa = PBXGroup;
			children = (
				595CEF6622FBA3D8009D1FFA /* Main Files */,
				595CEF6322FBA38A009D1FFA /* Apple Files */,
				595CEF6422FBA3BA009D1FFA /* Util */,
				595CEF6522FBA3C2009D1FFA /* Types */,
			);
			path = AirSafe;
			sourceTree = "<group>";
		};
		5F33BE2696460E656E06DF05 /* Frameworks */ = {
			isa = PBXGroup;
			children = (
				583FCC5B0C5DA9A74936EF3A /* Pods_AirSafe.framework */,
			);
			name = Frameworks;
			sourceTree = "<group>";
		};
/* End PBXGroup section */

/* Begin PBXNativeTarget section */
		59BAB3BF22E053D500598AE3 /* AirSafe */ = {
			isa = PBXNativeTarget;
			buildConfigurationList = 59BAB3D422E053D700598AE3 /* Build configuration list for PBXNativeTarget "AirSafe" */;
			buildPhases = (
				2DA386D09DAF3E131FF1BE63 /* [CP] Check Pods Manifest.lock */,
				59BAB3BC22E053D500598AE3 /* Sources */,
				59BAB3BD22E053D500598AE3 /* Frameworks */,
				59BAB3BE22E053D500598AE3 /* Resources */,
				44032827B81B48CF65013D02 /* [CP] Embed Pods Frameworks */,
			);
			buildRules = (
			);
			dependencies = (
			);
			name = AirSafe;
			productName = AirSafe;
			productReference = 59BAB3C022E053D500598AE3 /* AirSafe.app */;
			productType = "com.apple.product-type.application";
		};
/* End PBXNativeTarget section */

/* Begin PBXProject section */
		59BAB3B822E053D500598AE3 /* Project object */ = {
			isa = PBXProject;
			attributes = {
				LastSwiftUpdateCheck = 1020;
				LastUpgradeCheck = 1020;
				ORGANIZATIONNAME = "Ryan Knightly";
				TargetAttributes = {
					59BAB3BF22E053D500598AE3 = {
						CreatedOnToolsVersion = 10.2.1;
					};
				};
			};
			buildConfigurationList = 59BAB3BB22E053D500598AE3 /* Build configuration list for PBXProject "AirSafe" */;
			compatibilityVersion = "Xcode 9.3";
			developmentRegion = en;
			hasScannedForEncodings = 0;
			knownRegions = (
				en,
				Base,
			);
			mainGroup = 59BAB3B722E053D500598AE3;
			productRefGroup = 59BAB3C122E053D500598AE3 /* Products */;
			projectDirPath = "";
			projectRoot = "";
			targets = (
				59BAB3BF22E053D500598AE3 /* AirSafe */,
			);
		};
/* End PBXProject section */

/* Begin PBXResourcesBuildPhase section */
		59BAB3BE22E053D500598AE3 /* Resources */ = {
			isa = PBXResourcesBuildPhase;
			buildActionMask = 2147483647;
			files = (
				59BAB3D022E053D700598AE3 /* LaunchScreen.storyboard in Resources */,
				59BAB3CD22E053D700598AE3 /* Assets.xcassets in Resources */,
				59BAB3CB22E053D500598AE3 /* Main.storyboard in Resources */,
			);
			runOnlyForDeploymentPostprocessing = 0;
		};
/* End PBXResourcesBuildPhase section */

/* Begin PBXShellScriptBuildPhase section */
		2DA386D09DAF3E131FF1BE63 /* [CP] Check Pods Manifest.lock */ = {
			isa = PBXShellScriptBuildPhase;
			buildActionMask = 2147483647;
			files = (
			);
			inputFileListPaths = (
			);
			inputPaths = (
				"${PODS_PODFILE_DIR_PATH}/Podfile.lock",
				"${PODS_ROOT}/Manifest.lock",
			);
			name = "[CP] Check Pods Manifest.lock";
			outputFileListPaths = (
			);
			outputPaths = (
				"$(DERIVED_FILE_DIR)/Pods-AirSafe-checkManifestLockResult.txt",
			);
			runOnlyForDeploymentPostprocessing = 0;
			shellPath = /bin/sh;
			shellScript = "diff \"${PODS_PODFILE_DIR_PATH}/Podfile.lock\" \"${PODS_ROOT}/Manifest.lock\" > /dev/null\nif [ $? != 0 ] ; then\n    # print error to STDERR\n    echo \"error: The sandbox is not in sync with the Podfile.lock. Run 'pod install' or update your CocoaPods installation.\" >&2\n    exit 1\nfi\n# This output is used by Xcode 'outputs' to avoid re-running this script phase.\necho \"SUCCESS\" > \"${SCRIPT_OUTPUT_FILE_0}\"\n";
			showEnvVarsInLog = 0;
		};
		44032827B81B48CF65013D02 /* [CP] Embed Pods Frameworks */ = {
			isa = PBXShellScriptBuildPhase;
			buildActionMask = 2147483647;
			files = (
			);
			inputFileListPaths = (
				"${PODS_ROOT}/Target Support Files/Pods-AirSafe/Pods-AirSafe-frameworks-${CONFIGURATION}-input-files.xcfilelist",
			);
			name = "[CP] Embed Pods Frameworks";
			outputFileListPaths = (
				"${PODS_ROOT}/Target Support Files/Pods-AirSafe/Pods-AirSafe-frameworks-${CONFIGURATION}-output-files.xcfilelist",
			);
			runOnlyForDeploymentPostprocessing = 0;
			shellPath = /bin/sh;
			shellScript = "\"${PODS_ROOT}/Target Support Files/Pods-AirSafe/Pods-AirSafe-frameworks.sh\"\n";
			showEnvVarsInLog = 0;
		};
/* End PBXShellScriptBuildPhase section */

/* Begin PBXSourcesBuildPhase section */
		59BAB3BC22E053D500598AE3 /* Sources */ = {
			isa = PBXSourcesBuildPhase;
			buildActionMask = 2147483647;
			files = (
				595CEF5D22FA9C70009D1FFA /* URLSessionExtension.swift in Sources */,
				595CEF6822FBECE1009D1FFA /* Thresholds.swift in Sources */,
				595CEF5B22F96593009D1FFA /* MainViewController.swift in Sources */,
				59B26FE622FE463000263139 /* SensorReadingAnnotation.swift in Sources */,
				59C80A5022EEA45900732C40 /* ConcentrationValueFormatter.swift in Sources */,
				598743DE2305E17400D95E43 /* Config.swift in Sources */,
				59C80A4E22EE9D6F00732C40 /* DateValueFormatter.swift in Sources */,
				595CEF6122FB9039009D1FFA /* Pollutant.swift in Sources */,
				595CEF6A22FBEDFF009D1FFA /* UIColorExtension.swift in Sources */,
				59F02F5D2306793F0050C3D2 /* InfoViewController.swift in Sources */,
				59B26FE422FE45B800263139 /* SensorReading.swift in Sources */,
				59BAB3C422E053D500598AE3 /* AppDelegate.swift in Sources */,
				59AE706C23035BC200D0B57E /* BlankValueFormatter.swift in Sources */,
			);
			runOnlyForDeploymentPostprocessing = 0;
		};
/* End PBXSourcesBuildPhase section */

/* Begin PBXVariantGroup section */
		59BAB3C922E053D500598AE3 /* Main.storyboard */ = {
			isa = PBXVariantGroup;
			children = (
				59BAB3CA22E053D500598AE3 /* Base */,
			);
			name = Main.storyboard;
			sourceTree = "<group>";
		};
		59BAB3CE22E053D700598AE3 /* LaunchScreen.storyboard */ = {
			isa = PBXVariantGroup;
			children = (
				59BAB3CF22E053D700598AE3 /* Base */,
			);
			name = LaunchScreen.storyboard;
			sourceTree = "<group>";
		};
/* End PBXVariantGroup section */

/* Begin XCBuildConfiguration section */
		59BAB3D222E053D700598AE3 /* Debug */ = {
			isa = XCBuildConfiguration;
			buildSettings = {
				ALWAYS_SEARCH_USER_PATHS = NO;
				CLANG_ANALYZER_NONNULL = YES;
				CLANG_ANALYZER_NUMBER_OBJECT_CONVERSION = YES_AGGRESSIVE;
				CLANG_CXX_LANGUAGE_STANDARD = "gnu++14";
				CLANG_CXX_LIBRARY = "libc++";
				CLANG_ENABLE_MODULES = YES;
				CLANG_ENABLE_OBJC_ARC = YES;
				CLANG_ENABLE_OBJC_WEAK = YES;
				CLANG_WARN_BLOCK_CAPTURE_AUTORELEASING = YES;
				CLANG_WARN_BOOL_CONVERSION = YES;
				CLANG_WARN_COMMA = YES;
				CLANG_WARN_CONSTANT_CONVERSION = YES;
				CLANG_WARN_DEPRECATED_OBJC_IMPLEMENTATIONS = YES;
				CLANG_WARN_DIRECT_OBJC_ISA_USAGE = YES_ERROR;
				CLANG_WARN_DOCUMENTATION_COMMENTS = YES;
				CLANG_WARN_EMPTY_BODY = YES;
				CLANG_WARN_ENUM_CONVERSION = YES;
				CLANG_WARN_INFINITE_RECURSION = YES;
				CLANG_WARN_INT_CONVERSION = YES;
				CLANG_WARN_NON_LITERAL_NULL_CONVERSION = YES;
				CLANG_WARN_OBJC_IMPLICIT_RETAIN_SELF = YES;
				CLANG_WARN_OBJC_LITERAL_CONVERSION = YES;
				CLANG_WARN_OBJC_ROOT_CLASS = YES_ERROR;
				CLANG_WARN_RANGE_LOOP_ANALYSIS = YES;
				CLANG_WARN_STRICT_PROTOTYPES = YES;
				CLANG_WARN_SUSPICIOUS_MOVE = YES;
				CLANG_WARN_UNGUARDED_AVAILABILITY = YES_AGGRESSIVE;
				CLANG_WARN_UNREACHABLE_CODE = YES;
				CLANG_WARN__DUPLICATE_METHOD_MATCH = YES;
				CODE_SIGN_IDENTITY = "iPhone Developer";
				COPY_PHASE_STRIP = NO;
				DEBUG_INFORMATION_FORMAT = dwarf;
				ENABLE_STRICT_OBJC_MSGSEND = YES;
				ENABLE_TESTABILITY = YES;
				GCC_C_LANGUAGE_STANDARD = gnu11;
				GCC_DYNAMIC_NO_PIC = NO;
				GCC_NO_COMMON_BLOCKS = YES;
				GCC_OPTIMIZATION_LEVEL = 0;
				GCC_PREPROCESSOR_DEFINITIONS = (
					"DEBUG=1",
					"$(inherited)",
				);
				GCC_WARN_64_TO_32_BIT_CONVERSION = YES;
				GCC_WARN_ABOUT_RETURN_TYPE = YES_ERROR;
				GCC_WARN_UNDECLARED_SELECTOR = YES;
				GCC_WARN_UNINITIALIZED_AUTOS = YES_AGGRESSIVE;
				GCC_WARN_UNUSED_FUNCTION = YES;
				GCC_WARN_UNUSED_VARIABLE = YES;
				IPHONEOS_DEPLOYMENT_TARGET = 12.2;
				MTL_ENABLE_DEBUG_INFO = INCLUDE_SOURCE;
				MTL_FAST_MATH = YES;
				ONLY_ACTIVE_ARCH = YES;
				SDKROOT = iphoneos;
				SWIFT_ACTIVE_COMPILATION_CONDITIONS = DEBUG;
				SWIFT_OPTIMIZATION_LEVEL = "-Onone";
			};
			name = Debug;
		};
		59BAB3D322E053D700598AE3 /* Release */ = {
			isa = XCBuildConfiguration;
			buildSettings = {
				ALWAYS_SEARCH_USER_PATHS = NO;
				CLANG_ANALYZER_NONNULL = YES;
				CLANG_ANALYZER_NUMBER_OBJECT_CONVERSION = YES_AGGRESSIVE;
				CLANG_CXX_LANGUAGE_STANDARD = "gnu++14";
				CLANG_CXX_LIBRARY = "libc++";
				CLANG_ENABLE_MODULES = YES;
				CLANG_ENABLE_OBJC_ARC = YES;
				CLANG_ENABLE_OBJC_WEAK = YES;
				CLANG_WARN_BLOCK_CAPTURE_AUTORELEASING = YES;
				CLANG_WARN_BOOL_CONVERSION = YES;
				CLANG_WARN_COMMA = YES;
				CLANG_WARN_CONSTANT_CONVERSION = YES;
				CLANG_WARN_DEPRECATED_OBJC_IMPLEMENTATIONS = YES;
				CLANG_WARN_DIRECT_OBJC_ISA_USAGE = YES_ERROR;
				CLANG_WARN_DOCUMENTATION_COMMENTS = YES;
				CLANG_WARN_EMPTY_BODY = YES;
				CLANG_WARN_ENUM_CONVERSION = YES;
				CLANG_WARN_INFINITE_RECURSION = YES;
				CLANG_WARN_INT_CONVERSION = YES;
				CLANG_WARN_NON_LITERAL_NULL_CONVERSION = YES;
				CLANG_WARN_OBJC_IMPLICIT_RETAIN_SELF = YES;
				CLANG_WARN_OBJC_LITERAL_CONVERSION = YES;
				CLANG_WARN_OBJC_ROOT_CLASS = YES_ERROR;
				CLANG_WARN_RANGE_LOOP_ANALYSIS = YES;
				CLANG_WARN_STRICT_PROTOTYPES = YES;
				CLANG_WARN_SUSPICIOUS_MOVE = YES;
				CLANG_WARN_UNGUARDED_AVAILABILITY = YES_AGGRESSIVE;
				CLANG_WARN_UNREACHABLE_CODE = YES;
				CLANG_WARN__DUPLICATE_METHOD_MATCH = YES;
				CODE_SIGN_IDENTITY = "iPhone Developer";
				COPY_PHASE_STRIP = NO;
				DEBUG_INFORMATION_FORMAT = "dwarf-with-dsym";
				ENABLE_NS_ASSERTIONS = NO;
				ENABLE_STRICT_OBJC_MSGSEND = YES;
				GCC_C_LANGUAGE_STANDARD = gnu11;
				GCC_NO_COMMON_BLOCKS = YES;
				GCC_WARN_64_TO_32_BIT_CONVERSION = YES;
				GCC_WARN_ABOUT_RETURN_TYPE = YES_ERROR;
				GCC_WARN_UNDECLARED_SELECTOR = YES;
				GCC_WARN_UNINITIALIZED_AUTOS = YES_AGGRESSIVE;
				GCC_WARN_UNUSED_FUNCTION = YES;
				GCC_WARN_UNUSED_VARIABLE = YES;
				IPHONEOS_DEPLOYMENT_TARGET = 12.2;
				MTL_ENABLE_DEBUG_INFO = NO;
				MTL_FAST_MATH = YES;
				SDKROOT = iphoneos;
				SWIFT_COMPILATION_MODE = wholemodule;
				SWIFT_OPTIMIZATION_LEVEL = "-O";
				VALIDATE_PRODUCT = YES;
			};
			name = Release;
		};
		59BAB3D522E053D700598AE3 /* Debug */ = {
			isa = XCBuildConfiguration;
			baseConfigurationReference = C5F81400EFC7B0179AE394C8 /* Pods-AirSafe.debug.xcconfig */;
			buildSettings = {
				ASSETCATALOG_COMPILER_APPICON_NAME = AppIcon;
				CODE_SIGN_STYLE = Automatic;
				DEVELOPMENT_TEAM = 5FTS5682FV;
				INFOPLIST_FILE = "$(SRCROOT)/AirSafe/Apple Files/Info.plist";
				IPHONEOS_DEPLOYMENT_TARGET = 11.0;
				LD_RUNPATH_SEARCH_PATHS = (
					"$(inherited)",
					"@executable_path/Frameworks",
				);
				PRODUCT_BUNDLE_IDENTIFIER = com.techforall.airsafe;
				PRODUCT_NAME = "$(TARGET_NAME)";
				SWIFT_VERSION = 5.0;
				TARGETED_DEVICE_FAMILY = 1;
			};
			name = Debug;
		};
		59BAB3D622E053D700598AE3 /* Release */ = {
			isa = XCBuildConfiguration;
			baseConfigurationReference = A051522E613DFA3DD71A78E6 /* Pods-AirSafe.release.xcconfig */;
			buildSettings = {
				ASSETCATALOG_COMPILER_APPICON_NAME = AppIcon;
				CODE_SIGN_STYLE = Automatic;
				DEVELOPMENT_TEAM = 5FTS5682FV;
				INFOPLIST_FILE = "$(SRCROOT)/AirSafe/Apple Files/Info.plist";
				IPHONEOS_DEPLOYMENT_TARGET = 11.0;
				LD_RUNPATH_SEARCH_PATHS = (
					"$(inherited)",
					"@executable_path/Frameworks",
				);
				PRODUCT_BUNDLE_IDENTIFIER = com.techforall.airsafe;
				PRODUCT_NAME = "$(TARGET_NAME)";
				SWIFT_VERSION = 5.0;
				TARGETED_DEVICE_FAMILY = 1;
			};
			name = Release;
		};
/* End XCBuildConfiguration section */

/* Begin XCConfigurationList section */
		59BAB3BB22E053D500598AE3 /* Build configuration list for PBXProject "AirSafe" */ = {
			isa = XCConfigurationList;
			buildConfigurations = (
				59BAB3D222E053D700598AE3 /* Debug */,
				59BAB3D322E053D700598AE3 /* Release */,
			);
			defaultConfigurationIsVisible = 0;
			defaultConfigurationName = Release;
		};
		59BAB3D422E053D700598AE3 /* Build configuration list for PBXNativeTarget "AirSafe" */ = {
			isa = XCConfigurationList;
			buildConfigurations = (
				59BAB3D522E053D700598AE3 /* Debug */,
				59BAB3D622E053D700598AE3 /* Release */,
			);
			defaultConfigurationIsVisible = 0;
			defaultConfigurationName = Release;
		};
/* End XCConfigurationList section */
	};
	rootObject = 59BAB3B822E053D500598AE3 /* Project object */;
}
