PODS:
  - CocoaAsyncSocket (7.5.1):
    - CocoaAsyncSocket/GCD (= 7.5.1)
  - CocoaAsyncSocket/GCD (7.5.1)
  - CocoaMQTT (1.0.17):
    - CocoaAsyncSocket (~> 7.5.1)
    - SwiftyTimer (~> 2.0.0)
  - SwiftChart (0.5.0)
  - SwiftyTimer (2.0.0)

DEPENDENCIES:
  - CocoaMQTT
  - SwiftChart

SPEC CHECKSUMS:
  CocoaAsyncSocket: e0a7e93b2ffa411592ff87e58524fbbc9b95b4fa
  CocoaMQTT: 6ea72a4f3075fed604c30e688586461a76da02f1
  SwiftChart: d1d22d2b1c4582f4d561edf97a210059c00ee256
  SwiftyTimer: 2efd74b060d69ad4f1496baf5bbedbe132125fcf

PODFILE CHECKSUM: 4b294fe9f9e58b3fc3e6ac83d56712b2a125c462

COCOAPODS: 1.2.1
